
Microsoft Visual Studio Solution File, Format Version 12.00
# Visual Studio 14
VisualStudioVersion = 14.0.25420.1
MinimumVisualStudioVersion = 10.0.40219.1
Project("{FAE04EC0-301F-11D3-BF4B-00C04F79EFBC}") = "ProjectFarmerAPI", "ProjectFarmerAPI\ProjectFarmerAPI.csproj", "{4C47ECF2-3C4A-4974-9110-2D10768B5F19}"
EndProject
Project("{FAE04EC0-301F-11D3-BF4B-00C04F79EFBC}") = "ProjectFarmerAPI.Tests", "ProjectFarmerAPI.Tests\ProjectFarmerAPI.Tests.csproj", "{60305220-5832-4F3A-BFBA-E717C68D7F0A}"
EndProject
Global
	GlobalSection(SolutionConfigurationPlatforms) = preSolution
		Debug|Any CPU = Debug|Any CPU
		Release|Any CPU = Release|Any CPU
	EndGlobalSection
	GlobalSection(ProjectConfigurationPlatforms) = postSolution
		{4C47ECF2-3C4A-4974-9110-2D10768B5F19}.Debug|Any CPU.ActiveCfg = Debug|Any CPU
		{4C47ECF2-3C4A-4974-9110-2D10768B5F19}.Debug|Any CPU.Build.0 = Debug|Any CPU
		{4C47ECF2-3C4A-4974-9110-2D10768B5F19}.Release|Any CPU.ActiveCfg = Release|Any CPU
		{4C47ECF2-3C4A-4974-9110-2D10768B5F19}.Release|Any CPU.Build.0 = Release|Any CPU
		{60305220-5832-4F3A-BFBA-E717C68D7F0A}.Debug|Any CPU.ActiveCfg = Debug|Any CPU
		{60305220-5832-4F3A-BFBA-E717C68D7F0A}.Debug|Any CPU.Build.0 = Debug|Any CPU
		{60305220-5832-4F3A-BFBA-E717C68D7F0A}.Release|Any CPU.ActiveCfg = Release|Any CPU
		{60305220-5832-4F3A-BFBA-E717C68D7F0A}.Release|Any CPU.Build.0 = Release|Any CPU
	EndGlobalSection
	GlobalSection(SolutionProperties) = preSolution
		HideSolutionNode = FALSE
	EndGlobalSection
EndGlobal
